
Microsoft Visual Studio Solution File, Format Version 12.00
# Visual Studio Version 17
VisualStudioVersion = 17.6.33815.320
MinimumVisualStudioVersion = 10.0.40219.1
Project("{FAE04EC0-301F-11D3-BF4B-00C04F79EFBC}") = "WebTime", "WebTime.csproj", "{E309826D-3706-4D25-8547-B9D89805C288}"
EndProject
Global
	GlobalSection(SolutionConfigurationPlatforms) = preSolution
		Debug|Any CPU = Debug|Any CPU
		Release|Any CPU = Release|Any CPU
	EndGlobalSection
	GlobalSection(ProjectConfigurationPlatforms) = postSolution
		{E309826D-3706-4D25-8547-B9D89805C288}.Debug|Any CPU.ActiveCfg = Debug|Any CPU
		{E309826D-3706-4D25-8547-B9D89805C288}.Debug|Any CPU.Build.0 = Debug|Any CPU
		{E309826D-3706-4D25-8547-B9D89805C288}.Release|Any CPU.ActiveCfg = Release|Any CPU
		{E309826D-3706-4D25-8547-B9D89805C288}.Release|Any CPU.Build.0 = Release|Any CPU
	EndGlobalSection
	GlobalSection(SolutionProperties) = preSolution
		HideSolutionNode = FALSE
	EndGlobalSection
	GlobalSection(ExtensibilityGlobals) = postSolution
		SolutionGuid = {3CC71233-1CED-4C59-88D8-2A9B71333998}
	EndGlobalSection
EndGlobal
